// !$*UTF8*$!
{
	archiveVersion = 1;
	classes = {
	};
	objectVersion = 56;
	objects = {

/* Begin PBXBuildFile section */
		40423A222B029ACE00AF4A40 /* InfoButtonComponent.swift in Sources */ = {isa = PBXBuildFile; fileRef = 40423A212B029ACE00AF4A40 /* InfoButtonComponent.swift */; };
		40423A242B029ADA00AF4A40 /* InfoView.swift in Sources */ = {isa = PBXBuildFile; fileRef = 40423A232B029ADA00AF4A40 /* InfoView.swift */; };
		40423A262B029F3200AF4A40 /* InfoTextView.swift in Sources */ = {isa = PBXBuildFile; fileRef = 40423A252B029F3200AF4A40 /* InfoTextView.swift */; };
		40FD79662AFD6E4800F4C040 /* BackgroundView.swift in Sources */ = {isa = PBXBuildFile; fileRef = 40FD79652AFD6E4800F4C040 /* BackgroundView.swift */; };
		40FD79682AFD716D00F4C040 /* DiseasesDescriptionView.swift in Sources */ = {isa = PBXBuildFile; fileRef = 40FD79672AFD716D00F4C040 /* DiseasesDescriptionView.swift */; };
		DF6537202AF1A10200B482DD /* Mini_8_CoreMLApp.swift in Sources */ = {isa = PBXBuildFile; fileRef = DF65371F2AF1A10200B482DD /* Mini_8_CoreMLApp.swift */; };
		DF6537222AF1A10200B482DD /* ContentView.swift in Sources */ = {isa = PBXBuildFile; fileRef = DF6537212AF1A10200B482DD /* ContentView.swift */; };
		DF6537242AF1A10300B482DD /* Assets.xcassets in Resources */ = {isa = PBXBuildFile; fileRef = DF6537232AF1A10300B482DD /* Assets.xcassets */; };
		DF6537272AF1A10300B482DD /* Preview Assets.xcassets in Resources */ = {isa = PBXBuildFile; fileRef = DF6537262AF1A10300B482DD /* Preview Assets.xcassets */; };
		DF6537312AF1A10300B482DD /* Mini_8_CoreMLTests.swift in Sources */ = {isa = PBXBuildFile; fileRef = DF6537302AF1A10300B482DD /* Mini_8_CoreMLTests.swift */; };
		DF65373B2AF1A10300B482DD /* Mini_8_CoreMLUITests.swift in Sources */ = {isa = PBXBuildFile; fileRef = DF65373A2AF1A10300B482DD /* Mini_8_CoreMLUITests.swift */; };
		DF65373D2AF1A10300B482DD /* Mini_8_CoreMLUITestsLaunchTests.swift in Sources */ = {isa = PBXBuildFile; fileRef = DF65373C2AF1A10300B482DD /* Mini_8_CoreMLUITestsLaunchTests.swift */; };
		DFEB08D82AFD6C6100B0E66A /* DogSkinDiseaseImageClassification 1.mlmodel in Sources */ = {isa = PBXBuildFile; fileRef = DFEB08D72AFD6C6100B0E66A /* DogSkinDiseaseImageClassification 1.mlmodel */; };
		DFEB08DA2AFD6CF300B0E66A /* ClassificationViewModel.swift in Sources */ = {isa = PBXBuildFile; fileRef = DFEB08D92AFD6CF300B0E66A /* ClassificationViewModel.swift */; };
/* End PBXBuildFile section */

/* Begin PBXContainerItemProxy section */
		DF65372D2AF1A10300B482DD /* PBXContainerItemProxy */ = {
			isa = PBXContainerItemProxy;
			containerPortal = DF6537142AF1A10200B482DD /* Project object */;
			proxyType = 1;
			remoteGlobalIDString = DF65371B2AF1A10200B482DD;
			remoteInfo = "Mini-8-CoreML";
		};
		DF6537372AF1A10300B482DD /* PBXContainerItemProxy */ = {
			isa = PBXContainerItemProxy;
			containerPortal = DF6537142AF1A10200B482DD /* Project object */;
			proxyType = 1;
			remoteGlobalIDString = DF65371B2AF1A10200B482DD;
			remoteInfo = "Mini-8-CoreML";
		};
/* End PBXContainerItemProxy section */

/* Begin PBXFileReference section */
		40423A212B029ACE00AF4A40 /* InfoButtonComponent.swift */ = {isa = PBXFileReference; lastKnownFileType = sourcecode.swift; path = InfoButtonComponent.swift; sourceTree = "<group>"; };
		40423A232B029ADA00AF4A40 /* InfoView.swift */ = {isa = PBXFileReference; lastKnownFileType = sourcecode.swift; path = InfoView.swift; sourceTree = "<group>"; };
		40423A252B029F3200AF4A40 /* InfoTextView.swift */ = {isa = PBXFileReference; lastKnownFileType = sourcecode.swift; path = InfoTextView.swift; sourceTree = "<group>"; };
		40FD79652AFD6E4800F4C040 /* BackgroundView.swift */ = {isa = PBXFileReference; lastKnownFileType = sourcecode.swift; path = BackgroundView.swift; sourceTree = "<group>"; };
		40FD79672AFD716D00F4C040 /* DiseasesDescriptionView.swift */ = {isa = PBXFileReference; lastKnownFileType = sourcecode.swift; path = DiseasesDescriptionView.swift; sourceTree = "<group>"; };
		DF65371C2AF1A10200B482DD /* Mini-8-CoreML.app */ = {isa = PBXFileReference; explicitFileType = wrapper.application; includeInIndex = 0; path = "Mini-8-CoreML.app"; sourceTree = BUILT_PRODUCTS_DIR; };
		DF65371F2AF1A10200B482DD /* Mini_8_CoreMLApp.swift */ = {isa = PBXFileReference; lastKnownFileType = sourcecode.swift; path = Mini_8_CoreMLApp.swift; sourceTree = "<group>"; };
		DF6537212AF1A10200B482DD /* ContentView.swift */ = {isa = PBXFileReference; lastKnownFileType = sourcecode.swift; path = ContentView.swift; sourceTree = "<group>"; };
		DF6537232AF1A10300B482DD /* Assets.xcassets */ = {isa = PBXFileReference; lastKnownFileType = folder.assetcatalog; path = Assets.xcassets; sourceTree = "<group>"; };
		DF6537262AF1A10300B482DD /* Preview Assets.xcassets */ = {isa = PBXFileReference; lastKnownFileType = folder.assetcatalog; path = "Preview Assets.xcassets"; sourceTree = "<group>"; };
		DF65372C2AF1A10300B482DD /* Mini-8-CoreMLTests.xctest */ = {isa = PBXFileReference; explicitFileType = wrapper.cfbundle; includeInIndex = 0; path = "Mini-8-CoreMLTests.xctest"; sourceTree = BUILT_PRODUCTS_DIR; };
		DF6537302AF1A10300B482DD /* Mini_8_CoreMLTests.swift */ = {isa = PBXFileReference; lastKnownFileType = sourcecode.swift; path = Mini_8_CoreMLTests.swift; sourceTree = "<group>"; };
		DF6537362AF1A10300B482DD /* Mini-8-CoreMLUITests.xctest */ = {isa = PBXFileReference; explicitFileType = wrapper.cfbundle; includeInIndex = 0; path = "Mini-8-CoreMLUITests.xctest"; sourceTree = BUILT_PRODUCTS_DIR; };
		DF65373A2AF1A10300B482DD /* Mini_8_CoreMLUITests.swift */ = {isa = PBXFileReference; lastKnownFileType = sourcecode.swift; path = Mini_8_CoreMLUITests.swift; sourceTree = "<group>"; };
		DF65373C2AF1A10300B482DD /* Mini_8_CoreMLUITestsLaunchTests.swift */ = {isa = PBXFileReference; lastKnownFileType = sourcecode.swift; path = Mini_8_CoreMLUITestsLaunchTests.swift; sourceTree = "<group>"; };
		DFEB08D72AFD6C6100B0E66A /* DogSkinDiseaseImageClassification 1.mlmodel */ = {isa = PBXFileReference; lastKnownFileType = file.mlmodel; path = "DogSkinDiseaseImageClassification 1.mlmodel"; sourceTree = "<group>"; };
		DFEB08D92AFD6CF300B0E66A /* ClassificationViewModel.swift */ = {isa = PBXFileReference; lastKnownFileType = sourcecode.swift; path = ClassificationViewModel.swift; sourceTree = "<group>"; };
/* End PBXFileReference section */

/* Begin PBXFrameworksBuildPhase section */
		DF6537192AF1A10200B482DD /* Frameworks */ = {
			isa = PBXFrameworksBuildPhase;
			buildActionMask = 2147483647;
			files = (
			);
			runOnlyForDeploymentPostprocessing = 0;
		};
		DF6537292AF1A10300B482DD /* Frameworks */ = {
			isa = PBXFrameworksBuildPhase;
			buildActionMask = 2147483647;
			files = (
			);
			runOnlyForDeploymentPostprocessing = 0;
		};
		DF6537332AF1A10300B482DD /* Frameworks */ = {
			isa = PBXFrameworksBuildPhase;
			buildActionMask = 2147483647;
			files = (
			);
			runOnlyForDeploymentPostprocessing = 0;
		};
/* End PBXFrameworksBuildPhase section */

/* Begin PBXGroup section */
		DF4A3D052AFD600C00BC3E28 /* View */ = {
			isa = PBXGroup;
			children = (
				DFEB08DB2AFD6D2D00B0E66A /* Components */,
				DF6537212AF1A10200B482DD /* ContentView.swift */,
				40FD79672AFD716D00F4C040 /* DiseasesDescriptionView.swift */,
				40423A232B029ADA00AF4A40 /* InfoView.swift */,
				40423A252B029F3200AF4A40 /* InfoTextView.swift */,
			);
			path = View;
			sourceTree = "<group>";
		};
		DF4A3D062AFD601500BC3E28 /* ViewModel */ = {
			isa = PBXGroup;
			children = (
				DFEB08D92AFD6CF300B0E66A /* ClassificationViewModel.swift */,
			);
			path = ViewModel;
			sourceTree = "<group>";
		};
		DF4A3D072AFD602100BC3E28 /* Model */ = {
			isa = PBXGroup;
			children = (
				DFEB08D72AFD6C6100B0E66A /* DogSkinDiseaseImageClassification 1.mlmodel */,
			);
			path = Model;
			sourceTree = "<group>";
		};
		DF6537132AF1A10200B482DD = {
			isa = PBXGroup;
			children = (
				DF65371E2AF1A10200B482DD /* Mini-8-CoreML */,
				DF65372F2AF1A10300B482DD /* Mini-8-CoreMLTests */,
				DF6537392AF1A10300B482DD /* Mini-8-CoreMLUITests */,
				DF65371D2AF1A10200B482DD /* Products */,
			);
			sourceTree = "<group>";
		};
		DF65371D2AF1A10200B482DD /* Products */ = {
			isa = PBXGroup;
			children = (
				DF65371C2AF1A10200B482DD /* Mini-8-CoreML.app */,
				DF65372C2AF1A10300B482DD /* Mini-8-CoreMLTests.xctest */,
				DF6537362AF1A10300B482DD /* Mini-8-CoreMLUITests.xctest */,
			);
			name = Products;
			sourceTree = "<group>";
		};
		DF65371E2AF1A10200B482DD /* Mini-8-CoreML */ = {
			isa = PBXGroup;
			children = (
				DF65371F2AF1A10200B482DD /* Mini_8_CoreMLApp.swift */,
				DF4A3D072AFD602100BC3E28 /* Model */,
				DF4A3D062AFD601500BC3E28 /* ViewModel */,
				DF4A3D052AFD600C00BC3E28 /* View */,
				DF6537232AF1A10300B482DD /* Assets.xcassets */,
				DF6537252AF1A10300B482DD /* Preview Content */,
			);
			path = "Mini-8-CoreML";
			sourceTree = "<group>";
		};
		DF6537252AF1A10300B482DD /* Preview Content */ = {
			isa = PBXGroup;
			children = (
				DF6537262AF1A10300B482DD /* Preview Assets.xcassets */,
			);
			path = "Preview Content";
			sourceTree = "<group>";
		};
		DF65372F2AF1A10300B482DD /* Mini-8-CoreMLTests */ = {
			isa = PBXGroup;
			children = (
				DF6537302AF1A10300B482DD /* Mini_8_CoreMLTests.swift */,
			);
			path = "Mini-8-CoreMLTests";
			sourceTree = "<group>";
		};
		DF6537392AF1A10300B482DD /* Mini-8-CoreMLUITests */ = {
			isa = PBXGroup;
			children = (
				DF65373A2AF1A10300B482DD /* Mini_8_CoreMLUITests.swift */,
				DF65373C2AF1A10300B482DD /* Mini_8_CoreMLUITestsLaunchTests.swift */,
			);
			path = "Mini-8-CoreMLUITests";
			sourceTree = "<group>";
		};
		DFEB08DB2AFD6D2D00B0E66A /* Components */ = {
			isa = PBXGroup;
			children = (
				40FD79652AFD6E4800F4C040 /* BackgroundView.swift */,
				40423A212B029ACE00AF4A40 /* InfoButtonComponent.swift */,
			);
			path = Components;
			sourceTree = "<group>";
		};
/* End PBXGroup section */

/* Begin PBXNativeTarget section */
		DF65371B2AF1A10200B482DD /* Mini-8-CoreML */ = {
			isa = PBXNativeTarget;
			buildConfigurationList = DF6537402AF1A10300B482DD /* Build configuration list for PBXNativeTarget "Mini-8-CoreML" */;
			buildPhases = (
				DF6537182AF1A10200B482DD /* Sources */,
				DF6537192AF1A10200B482DD /* Frameworks */,
				DF65371A2AF1A10200B482DD /* Resources */,
			);
			buildRules = (
			);
			dependencies = (
			);
			name = "Mini-8-CoreML";
			productName = "Mini-8-CoreML";
			productReference = DF65371C2AF1A10200B482DD /* Mini-8-CoreML.app */;
			productType = "com.apple.product-type.application";
		};
		DF65372B2AF1A10300B482DD /* Mini-8-CoreMLTests */ = {
			isa = PBXNativeTarget;
			buildConfigurationList = DF6537432AF1A10300B482DD /* Build configuration list for PBXNativeTarget "Mini-8-CoreMLTests" */;
			buildPhases = (
				DF6537282AF1A10300B482DD /* Sources */,
				DF6537292AF1A10300B482DD /* Frameworks */,
				DF65372A2AF1A10300B482DD /* Resources */,
			);
			buildRules = (
			);
			dependencies = (
				DF65372E2AF1A10300B482DD /* PBXTargetDependency */,
			);
			name = "Mini-8-CoreMLTests";
			productName = "Mini-8-CoreMLTests";
			productReference = DF65372C2AF1A10300B482DD /* Mini-8-CoreMLTests.xctest */;
			productType = "com.apple.product-type.bundle.unit-test";
		};
		DF6537352AF1A10300B482DD /* Mini-8-CoreMLUITests */ = {
			isa = PBXNativeTarget;
			buildConfigurationList = DF6537462AF1A10300B482DD /* Build configuration list for PBXNativeTarget "Mini-8-CoreMLUITests" */;
			buildPhases = (
				DF6537322AF1A10300B482DD /* Sources */,
				DF6537332AF1A10300B482DD /* Frameworks */,
				DF6537342AF1A10300B482DD /* Resources */,
			);
			buildRules = (
			);
			dependencies = (
				DF6537382AF1A10300B482DD /* PBXTargetDependency */,
			);
			name = "Mini-8-CoreMLUITests";
			productName = "Mini-8-CoreMLUITests";
			productReference = DF6537362AF1A10300B482DD /* Mini-8-CoreMLUITests.xctest */;
			productType = "com.apple.product-type.bundle.ui-testing";
		};
/* End PBXNativeTarget section */

/* Begin PBXProject section */
		DF6537142AF1A10200B482DD /* Project object */ = {
			isa = PBXProject;
			attributes = {
				BuildIndependentTargetsInParallel = 1;
				LastSwiftUpdateCheck = 1500;
				LastUpgradeCheck = 1500;
				TargetAttributes = {
					DF65371B2AF1A10200B482DD = {
						CreatedOnToolsVersion = 15.0.1;
					};
					DF65372B2AF1A10300B482DD = {
						CreatedOnToolsVersion = 15.0.1;
						TestTargetID = DF65371B2AF1A10200B482DD;
					};
					DF6537352AF1A10300B482DD = {
						CreatedOnToolsVersion = 15.0.1;
						TestTargetID = DF65371B2AF1A10200B482DD;
					};
				};
			};
			buildConfigurationList = DF6537172AF1A10200B482DD /* Build configuration list for PBXProject "Mini-8-CoreML" */;
			compatibilityVersion = "Xcode 14.0";
			developmentRegion = en;
			hasScannedForEncodings = 0;
			knownRegions = (
				en,
				Base,
			);
			mainGroup = DF6537132AF1A10200B482DD;
			productRefGroup = DF65371D2AF1A10200B482DD /* Products */;
			projectDirPath = "";
			projectRoot = "";
			targets = (
				DF65371B2AF1A10200B482DD /* Mini-8-CoreML */,
				DF65372B2AF1A10300B482DD /* Mini-8-CoreMLTests */,
				DF6537352AF1A10300B482DD /* Mini-8-CoreMLUITests */,
			);
		};
/* End PBXProject section */

/* Begin PBXResourcesBuildPhase section */
		DF65371A2AF1A10200B482DD /* Resources */ = {
			isa = PBXResourcesBuildPhase;
			buildActionMask = 2147483647;
			files = (
				DF6537272AF1A10300B482DD /* Preview Assets.xcassets in Resources */,
				DF6537242AF1A10300B482DD /* Assets.xcassets in Resources */,
			);
			runOnlyForDeploymentPostprocessing = 0;
		};
		DF65372A2AF1A10300B482DD /* Resources */ = {
			isa = PBXResourcesBuildPhase;
			buildActionMask = 2147483647;
			files = (
			);
			runOnlyForDeploymentPostprocessing = 0;
		};
		DF6537342AF1A10300B482DD /* Resources */ = {
			isa = PBXResourcesBuildPhase;
			buildActionMask = 2147483647;
			files = (
			);
			runOnlyForDeploymentPostprocessing = 0;
		};
/* End PBXResourcesBuildPhase section */

/* Begin PBXSourcesBuildPhase section */
		DF6537182AF1A10200B482DD /* Sources */ = {
			isa = PBXSourcesBuildPhase;
			buildActionMask = 2147483647;
			files = (
				40423A242B029ADA00AF4A40 /* InfoView.swift in Sources */,
				40FD79662AFD6E4800F4C040 /* BackgroundView.swift in Sources */,
				DFEB08DA2AFD6CF300B0E66A /* ClassificationViewModel.swift in Sources */,
				40FD79682AFD716D00F4C040 /* DiseasesDescriptionView.swift in Sources */,
				40423A262B029F3200AF4A40 /* InfoTextView.swift in Sources */,
				DFEB08D82AFD6C6100B0E66A /* DogSkinDiseaseImageClassification 1.mlmodel in Sources */,
				DF6537222AF1A10200B482DD /* ContentView.swift in Sources */,
				40423A222B029ACE00AF4A40 /* InfoButtonComponent.swift in Sources */,
				DF6537202AF1A10200B482DD /* Mini_8_CoreMLApp.swift in Sources */,
			);
			runOnlyForDeploymentPostprocessing = 0;
		};
		DF6537282AF1A10300B482DD /* Sources */ = {
			isa = PBXSourcesBuildPhase;
			buildActionMask = 2147483647;
			files = (
				DF6537312AF1A10300B482DD /* Mini_8_CoreMLTests.swift in Sources */,
			);
			runOnlyForDeploymentPostprocessing = 0;
		};
		DF6537322AF1A10300B482DD /* Sources */ = {
			isa = PBXSourcesBuildPhase;
			buildActionMask = 2147483647;
			files = (
				DF65373D2AF1A10300B482DD /* Mini_8_CoreMLUITestsLaunchTests.swift in Sources */,
				DF65373B2AF1A10300B482DD /* Mini_8_CoreMLUITests.swift in Sources */,
			);
			runOnlyForDeploymentPostprocessing = 0;
		};
/* End PBXSourcesBuildPhase section */

/* Begin PBXTargetDependency section */
		DF65372E2AF1A10300B482DD /* PBXTargetDependency */ = {
			isa = PBXTargetDependency;
			target = DF65371B2AF1A10200B482DD /* Mini-8-CoreML */;
			targetProxy = DF65372D2AF1A10300B482DD /* PBXContainerItemProxy */;
		};
		DF6537382AF1A10300B482DD /* PBXTargetDependency */ = {
			isa = PBXTargetDependency;
			target = DF65371B2AF1A10200B482DD /* Mini-8-CoreML */;
			targetProxy = DF6537372AF1A10300B482DD /* PBXContainerItemProxy */;
		};
/* End PBXTargetDependency section */

/* Begin XCBuildConfiguration section */
		DF65373E2AF1A10300B482DD /* Debug */ = {
			isa = XCBuildConfiguration;
			buildSettings = {
				ALWAYS_SEARCH_USER_PATHS = NO;
				ASSETCATALOG_COMPILER_GENERATE_SWIFT_ASSET_SYMBOL_EXTENSIONS = YES;
				CLANG_ANALYZER_NONNULL = YES;
				CLANG_ANALYZER_NUMBER_OBJECT_CONVERSION = YES_AGGRESSIVE;
				CLANG_CXX_LANGUAGE_STANDARD = "gnu++20";
				CLANG_ENABLE_MODULES = YES;
				CLANG_ENABLE_OBJC_ARC = YES;
				CLANG_ENABLE_OBJC_WEAK = YES;
				CLANG_WARN_BLOCK_CAPTURE_AUTORELEASING = YES;
				CLANG_WARN_BOOL_CONVERSION = YES;
				CLANG_WARN_COMMA = YES;
				CLANG_WARN_CONSTANT_CONVERSION = YES;
				CLANG_WARN_DEPRECATED_OBJC_IMPLEMENTATIONS = YES;
				CLANG_WARN_DIRECT_OBJC_ISA_USAGE = YES_ERROR;
				CLANG_WARN_DOCUMENTATION_COMMENTS = YES;
				CLANG_WARN_EMPTY_BODY = YES;
				CLANG_WARN_ENUM_CONVERSION = YES;
				CLANG_WARN_INFINITE_RECURSION = YES;
				CLANG_WARN_INT_CONVERSION = YES;
				CLANG_WARN_NON_LITERAL_NULL_CONVERSION = YES;
				CLANG_WARN_OBJC_IMPLICIT_RETAIN_SELF = YES;
				CLANG_WARN_OBJC_LITERAL_CONVERSION = YES;
				CLANG_WARN_OBJC_ROOT_CLASS = YES_ERROR;
				CLANG_WARN_QUOTED_INCLUDE_IN_FRAMEWORK_HEADER = YES;
				CLANG_WARN_RANGE_LOOP_ANALYSIS = YES;
				CLANG_WARN_STRICT_PROTOTYPES = YES;
				CLANG_WARN_SUSPICIOUS_MOVE = YES;
				CLANG_WARN_UNGUARDED_AVAILABILITY = YES_AGGRESSIVE;
				CLANG_WARN_UNREACHABLE_CODE = YES;
				CLANG_WARN__DUPLICATE_METHOD_MATCH = YES;
				COPY_PHASE_STRIP = NO;
				DEBUG_INFORMATION_FORMAT = dwarf;
				ENABLE_STRICT_OBJC_MSGSEND = YES;
				ENABLE_TESTABILITY = YES;
				ENABLE_USER_SCRIPT_SANDBOXING = YES;
				GCC_C_LANGUAGE_STANDARD = gnu17;
				GCC_DYNAMIC_NO_PIC = NO;
				GCC_NO_COMMON_BLOCKS = YES;
				GCC_OPTIMIZATION_LEVEL = 0;
				GCC_PREPROCESSOR_DEFINITIONS = (
					"DEBUG=1",
					"$(inherited)",
				);
				GCC_WARN_64_TO_32_BIT_CONVERSION = YES;
				GCC_WARN_ABOUT_RETURN_TYPE = YES_ERROR;
				GCC_WARN_UNDECLARED_SELECTOR = YES;
				GCC_WARN_UNINITIALIZED_AUTOS = YES_AGGRESSIVE;
				GCC_WARN_UNUSED_FUNCTION = YES;
				GCC_WARN_UNUSED_VARIABLE = YES;
				IPHONEOS_DEPLOYMENT_TARGET = 17.0;
				LOCALIZATION_PREFERS_STRING_CATALOGS = YES;
				MTL_ENABLE_DEBUG_INFO = INCLUDE_SOURCE;
				MTL_FAST_MATH = YES;
				ONLY_ACTIVE_ARCH = YES;
				SDKROOT = iphoneos;
				SWIFT_ACTIVE_COMPILATION_CONDITIONS = "DEBUG $(inherited)";
				SWIFT_OPTIMIZATION_LEVEL = "-Onone";
			};
			name = Debug;
		};
		DF65373F2AF1A10300B482DD /* Release */ = {
			isa = XCBuildConfiguration;
			buildSettings = {
				ALWAYS_SEARCH_USER_PATHS = NO;
				ASSETCATALOG_COMPILER_GENERATE_SWIFT_ASSET_SYMBOL_EXTENSIONS = YES;
				CLANG_ANALYZER_NONNULL = YES;
				CLANG_ANALYZER_NUMBER_OBJECT_CONVERSION = YES_AGGRESSIVE;
				CLANG_CXX_LANGUAGE_STANDARD = "gnu++20";
				CLANG_ENABLE_MODULES = YES;
				CLANG_ENABLE_OBJC_ARC = YES;
				CLANG_ENABLE_OBJC_WEAK = YES;
				CLANG_WARN_BLOCK_CAPTURE_AUTORELEASING = YES;
				CLANG_WARN_BOOL_CONVERSION = YES;
				CLANG_WARN_COMMA = YES;
				CLANG_WARN_CONSTANT_CONVERSION = YES;
				CLANG_WARN_DEPRECATED_OBJC_IMPLEMENTATIONS = YES;
				CLANG_WARN_DIRECT_OBJC_ISA_USAGE = YES_ERROR;
				CLANG_WARN_DOCUMENTATION_COMMENTS = YES;
				CLANG_WARN_EMPTY_BODY = YES;
				CLANG_WARN_ENUM_CONVERSION = YES;
				CLANG_WARN_INFINITE_RECURSION = YES;
				CLANG_WARN_INT_CONVERSION = YES;
				CLANG_WARN_NON_LITERAL_NULL_CONVERSION = YES;
				CLANG_WARN_OBJC_IMPLICIT_RETAIN_SELF = YES;
				CLANG_WARN_OBJC_LITERAL_CONVERSION = YES;
				CLANG_WARN_OBJC_ROOT_CLASS = YES_ERROR;
				CLANG_WARN_QUOTED_INCLUDE_IN_FRAMEWORK_HEADER = YES;
				CLANG_WARN_RANGE_LOOP_ANALYSIS = YES;
				CLANG_WARN_STRICT_PROTOTYPES = YES;
				CLANG_WARN_SUSPICIOUS_MOVE = YES;
				CLANG_WARN_UNGUARDED_AVAILABILITY = YES_AGGRESSIVE;
				CLANG_WARN_UNREACHABLE_CODE = YES;
				CLANG_WARN__DUPLICATE_METHOD_MATCH = YES;
				COPY_PHASE_STRIP = NO;
				DEBUG_INFORMATION_FORMAT = "dwarf-with-dsym";
				ENABLE_NS_ASSERTIONS = NO;
				ENABLE_STRICT_OBJC_MSGSEND = YES;
				ENABLE_USER_SCRIPT_SANDBOXING = YES;
				GCC_C_LANGUAGE_STANDARD = gnu17;
				GCC_NO_COMMON_BLOCKS = YES;
				GCC_WARN_64_TO_32_BIT_CONVERSION = YES;
				GCC_WARN_ABOUT_RETURN_TYPE = YES_ERROR;
				GCC_WARN_UNDECLARED_SELECTOR = YES;
				GCC_WARN_UNINITIALIZED_AUTOS = YES_AGGRESSIVE;
				GCC_WARN_UNUSED_FUNCTION = YES;
				GCC_WARN_UNUSED_VARIABLE = YES;
				IPHONEOS_DEPLOYMENT_TARGET = 17.0;
				LOCALIZATION_PREFERS_STRING_CATALOGS = YES;
				MTL_ENABLE_DEBUG_INFO = NO;
				MTL_FAST_MATH = YES;
				SDKROOT = iphoneos;
				SWIFT_COMPILATION_MODE = wholemodule;
				VALIDATE_PRODUCT = YES;
			};
			name = Release;
		};
		DF6537412AF1A10300B482DD /* Debug */ = {
			isa = XCBuildConfiguration;
			buildSettings = {
				ASSETCATALOG_COMPILER_APPICON_NAME = AppIcon;
				ASSETCATALOG_COMPILER_GLOBAL_ACCENT_COLOR_NAME = AccentColor;
				CODE_SIGN_STYLE = Automatic;
				CURRENT_PROJECT_VERSION = 1;
				DEVELOPMENT_ASSET_PATHS = "\"Mini-8-CoreML/Preview Content\"";
				DEVELOPMENT_TEAM = 7UT3KQHPCK;
				ENABLE_PREVIEWS = YES;
				GENERATE_INFOPLIST_FILE = YES;
				INFOPLIST_KEY_UIApplicationSceneManifest_Generation = YES;
				INFOPLIST_KEY_UIApplicationSupportsIndirectInputEvents = YES;
				INFOPLIST_KEY_UILaunchScreen_Generation = YES;
				INFOPLIST_KEY_UISupportedInterfaceOrientations_iPad = "UIInterfaceOrientationPortrait UIInterfaceOrientationPortraitUpsideDown UIInterfaceOrientationLandscapeLeft UIInterfaceOrientationLandscapeRight";
				INFOPLIST_KEY_UISupportedInterfaceOrientations_iPhone = "UIInterfaceOrientationPortrait UIInterfaceOrientationLandscapeLeft UIInterfaceOrientationLandscapeRight";
				IPHONEOS_DEPLOYMENT_TARGET = 16.0;
				LD_RUNPATH_SEARCH_PATHS = (
					"$(inherited)",
					"@executable_path/Frameworks",
				);
				MARKETING_VERSION = 1.0;
				PRODUCT_BUNDLE_IDENTIFIER = "Lucca-Lopes.Mini-8-CoreML";
				PRODUCT_NAME = "$(TARGET_NAME)";
				SWIFT_EMIT_LOC_STRINGS = YES;
				SWIFT_VERSION = 5.0;
				TARGETED_DEVICE_FAMILY = "1,2";
			};
			name = Debug;
		};
		DF6537422AF1A10300B482DD /* Release */ = {
			isa = XCBuildConfiguration;
			buildSettings = {
				ASSETCATALOG_COMPILER_APPICON_NAME = AppIcon;
				ASSETCATALOG_COMPILER_GLOBAL_ACCENT_COLOR_NAME = AccentColor;
				CODE_SIGN_STYLE = Automatic;
				CURRENT_PROJECT_VERSION = 1;
				DEVELOPMENT_ASSET_PATHS = "\"Mini-8-CoreML/Preview Content\"";
				DEVELOPMENT_TEAM = 7UT3KQHPCK;
				ENABLE_PREVIEWS = YES;
				GENERATE_INFOPLIST_FILE = YES;
				INFOPLIST_KEY_UIApplicationSceneManifest_Generation = YES;
				INFOPLIST_KEY_UIApplicationSupportsIndirectInputEvents = YES;
				INFOPLIST_KEY_UILaunchScreen_Generation = YES;
				INFOPLIST_KEY_UISupportedInterfaceOrientations_iPad = "UIInterfaceOrientationPortrait UIInterfaceOrientationPortraitUpsideDown UIInterfaceOrientationLandscapeLeft UIInterfaceOrientationLandscapeRight";
				INFOPLIST_KEY_UISupportedInterfaceOrientations_iPhone = "UIInterfaceOrientationPortrait UIInterfaceOrientationLandscapeLeft UIInterfaceOrientationLandscapeRight";
				IPHONEOS_DEPLOYMENT_TARGET = 16.0;
				LD_RUNPATH_SEARCH_PATHS = (
					"$(inherited)",
					"@executable_path/Frameworks",
				);
				MARKETING_VERSION = 1.0;
				PRODUCT_BUNDLE_IDENTIFIER = "Lucca-Lopes.Mini-8-CoreML";
				PRODUCT_NAME = "$(TARGET_NAME)";
				SWIFT_EMIT_LOC_STRINGS = YES;
				SWIFT_VERSION = 5.0;
				TARGETED_DEVICE_FAMILY = "1,2";
			};
			name = Release;
		};
		DF6537442AF1A10300B482DD /* Debug */ = {
			isa = XCBuildConfiguration;
			buildSettings = {
				ALWAYS_EMBED_SWIFT_STANDARD_LIBRARIES = YES;
				BUNDLE_LOADER = "$(TEST_HOST)";
				CODE_SIGN_STYLE = Automatic;
				CURRENT_PROJECT_VERSION = 1;
				DEVELOPMENT_TEAM = RRUDNBUBWM;
				GENERATE_INFOPLIST_FILE = YES;
				IPHONEOS_DEPLOYMENT_TARGET = 17.0;
				MARKETING_VERSION = 1.0;
				PRODUCT_BUNDLE_IDENTIFIER = "Lucca-Lopes.Mini-8-CoreMLTests";
				PRODUCT_NAME = "$(TARGET_NAME)";
				SWIFT_EMIT_LOC_STRINGS = NO;
				SWIFT_VERSION = 5.0;
				TARGETED_DEVICE_FAMILY = "1,2";
				TEST_HOST = "$(BUILT_PRODUCTS_DIR)/Mini-8-CoreML.app/$(BUNDLE_EXECUTABLE_FOLDER_PATH)/Mini-8-CoreML";
			};
			name = Debug;
		};
		DF6537452AF1A10300B482DD /* Release */ = {
			isa = XCBuildConfiguration;
			buildSettings = {
				ALWAYS_EMBED_SWIFT_STANDARD_LIBRARIES = YES;
				BUNDLE_LOADER = "$(TEST_HOST)";
				CODE_SIGN_STYLE = Automatic;
				CURRENT_PROJECT_VERSION = 1;
				DEVELOPMENT_TEAM = RRUDNBUBWM;
				GENERATE_INFOPLIST_FILE = YES;
				IPHONEOS_DEPLOYMENT_TARGET = 17.0;
				MARKETING_VERSION = 1.0;
				PRODUCT_BUNDLE_IDENTIFIER = "Lucca-Lopes.Mini-8-CoreMLTests";
				PRODUCT_NAME = "$(TARGET_NAME)";
				SWIFT_EMIT_LOC_STRINGS = NO;
				SWIFT_VERSION = 5.0;
				TARGETED_DEVICE_FAMILY = "1,2";
				TEST_HOST = "$(BUILT_PRODUCTS_DIR)/Mini-8-CoreML.app/$(BUNDLE_EXECUTABLE_FOLDER_PATH)/Mini-8-CoreML";
			};
			name = Release;
		};
		DF6537472AF1A10300B482DD /* Debug */ = {
			isa = XCBuildConfiguration;
			buildSettings = {
				ALWAYS_EMBED_SWIFT_STANDARD_LIBRARIES = YES;
				CODE_SIGN_STYLE = Automatic;
				CURRENT_PROJECT_VERSION = 1;
				DEVELOPMENT_TEAM = RRUDNBUBWM;
				GENERATE_INFOPLIST_FILE = YES;
				MARKETING_VERSION = 1.0;
				PRODUCT_BUNDLE_IDENTIFIER = "Lucca-Lopes.Mini-8-CoreMLUITests";
				PRODUCT_NAME = "$(TARGET_NAME)";
				SWIFT_EMIT_LOC_STRINGS = NO;
				SWIFT_VERSION = 5.0;
				TARGETED_DEVICE_FAMILY = "1,2";
				TEST_TARGET_NAME = "Mini-8-CoreML";
			};
			name = Debug;
		};
		DF6537482AF1A10300B482DD /* Release */ = {
			isa = XCBuildConfiguration;
			buildSettings = {
				ALWAYS_EMBED_SWIFT_STANDARD_LIBRARIES = YES;
				CODE_SIGN_STYLE = Automatic;
				CURRENT_PROJECT_VERSION = 1;
				DEVELOPMENT_TEAM = RRUDNBUBWM;
				GENERATE_INFOPLIST_FILE = YES;
				MARKETING_VERSION = 1.0;
				PRODUCT_BUNDLE_IDENTIFIER = "Lucca-Lopes.Mini-8-CoreMLUITests";
				PRODUCT_NAME = "$(TARGET_NAME)";
				SWIFT_EMIT_LOC_STRINGS = NO;
				SWIFT_VERSION = 5.0;
				TARGETED_DEVICE_FAMILY = "1,2";
				TEST_TARGET_NAME = "Mini-8-CoreML";
			};
			name = Release;
		};
/* End XCBuildConfiguration section */

/* Begin XCConfigurationList section */
		DF6537172AF1A10200B482DD /* Build configuration list for PBXProject "Mini-8-CoreML" */ = {
			isa = XCConfigurationList;
			buildConfigurations = (
				DF65373E2AF1A10300B482DD /* Debug */,
				DF65373F2AF1A10300B482DD /* Release */,
			);
			defaultConfigurationIsVisible = 0;
			defaultConfigurationName = Release;
		};
		DF6537402AF1A10300B482DD /* Build configuration list for PBXNativeTarget "Mini-8-CoreML" */ = {
			isa = XCConfigurationList;
			buildConfigurations = (
				DF6537412AF1A10300B482DD /* Debug */,
				DF6537422AF1A10300B482DD /* Release */,
			);
			defaultConfigurationIsVisible = 0;
			defaultConfigurationName = Release;
		};
		DF6537432AF1A10300B482DD /* Build configuration list for PBXNativeTarget "Mini-8-CoreMLTests" */ = {
			isa = XCConfigurationList;
			buildConfigurations = (
				DF6537442AF1A10300B482DD /* Debug */,
				DF6537452AF1A10300B482DD /* Release */,
			);
			defaultConfigurationIsVisible = 0;
			defaultConfigurationName = Release;
		};
		DF6537462AF1A10300B482DD /* Build configuration list for PBXNativeTarget "Mini-8-CoreMLUITests" */ = {
			isa = XCConfigurationList;
			buildConfigurations = (
				DF6537472AF1A10300B482DD /* Debug */,
				DF6537482AF1A10300B482DD /* Release */,
			);
			defaultConfigurationIsVisible = 0;
			defaultConfigurationName = Release;
		};
/* End XCConfigurationList section */
	};
	rootObject = DF6537142AF1A10200B482DD /* Project object */;
}
